
Microsoft Visual Studio Solution File, Format Version 12.00
# Visual Studio Version 17
VisualStudioVersion = 17.1.32328.378
MinimumVisualStudioVersion = 10.0.40219.1
Project("{2150E333-8FDC-42A3-9474-1A3956D46DE8}") = "Web", "Web", "{3C5D8ADA-63CD-4BBA-935D-54F6B00D9071}"
EndProject
Project("{9A19103F-16F7-4668-BE54-9A1E7A4F7556}") = "GeradorRotasMVC", "src\Web\GeradorRotasMVC\GeradorRotasMVC.csproj", "{B78F39F8-DDF9-4A88-9552-5AB4EDA646E4}"
EndProject
Project("{2150E333-8FDC-42A3-9474-1A3956D46DE8}") = "Domain", "Domain", "{3347F341-2E90-47D9-87E5-6E7CC6C578F0}"
EndProject
Project("{2150E333-8FDC-42A3-9474-1A3956D46DE8}") = "Application", "Application", "{9AB7EFF8-A588-478F-B0CE-9C10172A567F}"
EndProject
Project("{FAE04EC0-301F-11D3-BF4B-00C04F79EFBC}") = "GeradorRotas.Application", "src\Application\GeradorRotas.Application\GeradorRotas.Application.csproj", "{E22A8FE9-02AB-4802-A5CF-716824EADF46}"
EndProject
Project("{9A19103F-16F7-4668-BE54-9A1E7A4F7556}") = "GeradorRotas.Domain", "src\Domain\GeradorRotas.Domain\GeradorRotas.Domain.csproj", "{6540499F-819D-4A33-A024-64DC371E83F4}"
EndProject
Project("{2150E333-8FDC-42A3-9474-1A3956D46DE8}") = "Infrastructure", "Infrastructure", "{A0280426-9538-4904-B8BE-2AEB2E61C25F}"
EndProject
Project("{FAE04EC0-301F-11D3-BF4B-00C04F79EFBC}") = "GeradorRotas.Infrastructure", "src\Infrastructure\GeradorRotas.Infrastructure\GeradorRotas.Infrastructure.csproj", "{FB90BFCC-FCB1-44E4-BA60-0BE67F1DC8FD}"
EndProject
Global
	GlobalSection(SolutionConfigurationPlatforms) = preSolution
		Debug|Any CPU = Debug|Any CPU
		Release|Any CPU = Release|Any CPU
	EndGlobalSection
	GlobalSection(ProjectConfigurationPlatforms) = postSolution
		{B78F39F8-DDF9-4A88-9552-5AB4EDA646E4}.Debug|Any CPU.ActiveCfg = Debug|Any CPU
		{B78F39F8-DDF9-4A88-9552-5AB4EDA646E4}.Debug|Any CPU.Build.0 = Debug|Any CPU
		{B78F39F8-DDF9-4A88-9552-5AB4EDA646E4}.Release|Any CPU.ActiveCfg = Release|Any CPU
		{B78F39F8-DDF9-4A88-9552-5AB4EDA646E4}.Release|Any CPU.Build.0 = Release|Any CPU
		{E22A8FE9-02AB-4802-A5CF-716824EADF46}.Debug|Any CPU.ActiveCfg = Debug|Any CPU
		{E22A8FE9-02AB-4802-A5CF-716824EADF46}.Debug|Any CPU.Build.0 = Debug|Any CPU
		{E22A8FE9-02AB-4802-A5CF-716824EADF46}.Release|Any CPU.ActiveCfg = Release|Any CPU
		{E22A8FE9-02AB-4802-A5CF-716824EADF46}.Release|Any CPU.Build.0 = Release|Any CPU
		{6540499F-819D-4A33-A024-64DC371E83F4}.Debug|Any CPU.ActiveCfg = Debug|Any CPU
		{6540499F-819D-4A33-A024-64DC371E83F4}.Debug|Any CPU.Build.0 = Debug|Any CPU
		{6540499F-819D-4A33-A024-64DC371E83F4}.Release|Any CPU.ActiveCfg = Release|Any CPU
		{6540499F-819D-4A33-A024-64DC371E83F4}.Release|Any CPU.Build.0 = Release|Any CPU
		{FB90BFCC-FCB1-44E4-BA60-0BE67F1DC8FD}.Debug|Any CPU.ActiveCfg = Debug|Any CPU
		{FB90BFCC-FCB1-44E4-BA60-0BE67F1DC8FD}.Debug|Any CPU.Build.0 = Debug|Any CPU
		{FB90BFCC-FCB1-44E4-BA60-0BE67F1DC8FD}.Release|Any CPU.ActiveCfg = Release|Any CPU
		{FB90BFCC-FCB1-44E4-BA60-0BE67F1DC8FD}.Release|Any CPU.Build.0 = Release|Any CPU
	EndGlobalSection
	GlobalSection(SolutionProperties) = preSolution
		HideSolutionNode = FALSE
	EndGlobalSection
	GlobalSection(NestedProjects) = preSolution
		{B78F39F8-DDF9-4A88-9552-5AB4EDA646E4} = {3C5D8ADA-63CD-4BBA-935D-54F6B00D9071}
		{E22A8FE9-02AB-4802-A5CF-716824EADF46} = {9AB7EFF8-A588-478F-B0CE-9C10172A567F}
		{6540499F-819D-4A33-A024-64DC371E83F4} = {3347F341-2E90-47D9-87E5-6E7CC6C578F0}
		{FB90BFCC-FCB1-44E4-BA60-0BE67F1DC8FD} = {A0280426-9538-4904-B8BE-2AEB2E61C25F}
	EndGlobalSection
	GlobalSection(ExtensibilityGlobals) = postSolution
		SolutionGuid = {F1E1A752-F80F-40C5-B11A-EC0F85CC6A6C}
	EndGlobalSection
EndGlobal
