
Microsoft Visual Studio Solution File, Format Version 12.00
# Visual Studio Version 17
VisualStudioVersion = 17.1.32328.378
MinimumVisualStudioVersion = 10.0.40219.1
Project("{2150E333-8FDC-42A3-9474-1A3956D46DE8}") = "Web", "Web", "{3C5D8ADA-63CD-4BBA-935D-54F6B00D9071}"
EndProject
Project("{2150E333-8FDC-42A3-9474-1A3956D46DE8}") = "Services", "Services", "{FAAC36DA-95B8-493C-B0D3-B00B3C920227}"
EndProject
Project("{2150E333-8FDC-42A3-9474-1A3956D46DE8}") = "Team", "Team", "{BD0ECF63-3448-4549-802A-B332FD972897}"
EndProject
Project("{9A19103F-16F7-4668-BE54-9A1E7A4F7556}") = "Teams.API", "src\Services\Team\Teams.API\Teams.API.csproj", "{43146833-7A21-4CA0-9F3F-63E07135BD2C}"
EndProject
Project("{2150E333-8FDC-42A3-9474-1A3956D46DE8}") = "Identity", "Identity", "{167BDC1E-989C-4828-A30C-2323416F2ED4}"
EndProject
Project("{9A19103F-16F7-4668-BE54-9A1E7A4F7556}") = "Identity.API", "src\Services\Identity\Identity.API\Identity.API.csproj", "{592BE37C-6E84-45BB-8610-4E7A2A76F87F}"
EndProject
Project("{2150E333-8FDC-42A3-9474-1A3956D46DE8}") = "Route", "Route", "{03FE59F1-F413-421C-915A-54E0465F4A8C}"
EndProject
Project("{9A19103F-16F7-4668-BE54-9A1E7A4F7556}") = "Routes.API", "src\Services\Route\Routes.API\Routes.API.csproj", "{8F21961C-9CCA-41AD-B972-C53E6151C5F7}"
EndProject
Project("{2150E333-8FDC-42A3-9474-1A3956D46DE8}") = "BuildingBlocks", "BuildingBlocks", "{74D810D8-9851-4A44-88F6-2C63F963055F}"
EndProject
Project("{2150E333-8FDC-42A3-9474-1A3956D46DE8}") = "ApiGateways", "ApiGateways", "{CE9CDE66-7712-465D-B3CD-95551E3278D0}"
EndProject
Project("{9A19103F-16F7-4668-BE54-9A1E7A4F7556}") = "ApiGateway.Ocelot", "src\ApiGateway\ApiGateway.Ocelot\ApiGateway.Ocelot.csproj", "{FF726F01-EC35-4280-84BE-5A265C9D3098}"
EndProject
Project("{9A19103F-16F7-4668-BE54-9A1E7A4F7556}") = "RouteManager.WebAPI.Core", "src\BuildingBlocks\RouteManager.WebAPI.Core\RouteManager.WebAPI.Core.csproj", "{FA36C8FA-1E5C-4CF8-A005-E9824FE36078}"
EndProject
Project("{9A19103F-16F7-4668-BE54-9A1E7A4F7556}") = "RouteManagerMVC", "src\Web\RouteManagerMVC\RouteManagerMVC.csproj", "{458937F5-B0B7-482F-88DE-1B578CA16095}"
EndProject
Project("{2150E333-8FDC-42A3-9474-1A3956D46DE8}") = "Logging", "Logging", "{4DD9161E-7DA5-4613-B047-0A2910BB1AAD}"
EndProject
Project("{9A19103F-16F7-4668-BE54-9A1E7A4F7556}") = "Logging.API", "src\Services\Logging\Logging.API\Logging.API.csproj", "{CBFF420A-DC48-4C15-8FB3-66DAA1780300}"
EndProject
Project("{9A19103F-16F7-4668-BE54-9A1E7A4F7556}") = "RouteManager.Domain.Core", "src\BuildingBlocks\RouteManager.Domain.Core\RouteManager.Domain.Core.csproj", "{B0DDE417-94F8-47C8-BD80-69D3B5D10852}"
EndProject
Project("{9A19103F-16F7-4668-BE54-9A1E7A4F7556}") = "Identity.Domain", "src\Services\Identity\Identity.Domain\Identity.Domain.csproj", "{C5C95395-CE18-4EB7-88AA-EF16C0060954}"
EndProject
Project("{9A19103F-16F7-4668-BE54-9A1E7A4F7556}") = "Identity.Infra.Data", "src\Services\Identity\Identity.Infra.Data\Identity.Infra.Data.csproj", "{65DB5CDC-7A0E-4DA2-BB6B-FB67EB71E171}"
EndProject
Project("{9A19103F-16F7-4668-BE54-9A1E7A4F7556}") = "Logging.Infra.Data", "src\Services\Logging\Logging.Infra.Data\Logging.Infra.Data.csproj", "{2115021C-D3E1-46A3-8DAB-85DBD60A1D8F}"
EndProject
Project("{9A19103F-16F7-4668-BE54-9A1E7A4F7556}") = "Logging.Domain", "src\Services\Logging\Logging.Domain\Logging.Domain.csproj", "{64BFD649-AC67-4CA9-95EB-AE0E6C9E1880}"
EndProject
Project("{9A19103F-16F7-4668-BE54-9A1E7A4F7556}") = "Routes.Infra.Data", "src\Services\Route\Routes.Infra.Data\Routes.Infra.Data.csproj", "{DA26F9E0-6B0F-4BF6-B991-1A2EDE10D033}"
EndProject
Project("{9A19103F-16F7-4668-BE54-9A1E7A4F7556}") = "Routes.Domain", "src\Services\Route\Routes.Domain\Routes.Domain.csproj", "{5E4E8DC5-EB0E-4C88-BC9A-3C1D1CD83F2C}"
EndProject
Project("{9A19103F-16F7-4668-BE54-9A1E7A4F7556}") = "Teams.Infra.Data", "src\Services\Team\Teams.Infra.Data\Teams.Infra.Data.csproj", "{C249196A-42FF-484E-8CFC-604F8CE9EB2E}"
EndProject
Project("{9A19103F-16F7-4668-BE54-9A1E7A4F7556}") = "Teams.Domain", "src\Services\Team\Teams.Domain\Teams.Domain.csproj", "{7CE2434D-6EF9-4CD9-B469-87E90C9F9A4B}"
EndProject
Project("{9A19103F-16F7-4668-BE54-9A1E7A4F7556}") = "Logging.UnitTests", "src\Services\Logging\Logging.UnitTests\Logging.UnitTests.csproj", "{661D5457-8FC3-439A-9457-B1B8E138FCC7}"
EndProject
Project("{9A19103F-16F7-4668-BE54-9A1E7A4F7556}") = "Teams.UnitTests", "src\Services\Team\Teams.UnitTests\Teams.UnitTests.csproj", "{B948EF3A-DFE9-4720-8196-B05B130552A6}"
EndProject
Project("{9A19103F-16F7-4668-BE54-9A1E7A4F7556}") = "Logging.Producer", "src\Services\Logging\Logging.Producer\Logging.Producer.csproj", "{6BD5EDCF-7494-4523-B688-1951B47B0AD1}"
EndProject
Project("{9A19103F-16F7-4668-BE54-9A1E7A4F7556}") = "Logging.Consumer", "src\Services\Logging\Logging.Consumer\Logging.Consumer.csproj", "{CDDFCFE9-240E-470F-9B70-145C128B396C}"
EndProject
Project("{E53339B2-1760-4266-BCC7-CA923CBCF16C}") = "docker-compose", "docker-compose.dcproj", "{9534639E-42F3-4043-A2AF-68C6ACB30E4B}"
EndProject
Global
	GlobalSection(SolutionConfigurationPlatforms) = preSolution
		Debug|Any CPU = Debug|Any CPU
		Release|Any CPU = Release|Any CPU
	EndGlobalSection
	GlobalSection(ProjectConfigurationPlatforms) = postSolution
		{43146833-7A21-4CA0-9F3F-63E07135BD2C}.Debug|Any CPU.ActiveCfg = Debug|Any CPU
		{43146833-7A21-4CA0-9F3F-63E07135BD2C}.Debug|Any CPU.Build.0 = Debug|Any CPU
		{43146833-7A21-4CA0-9F3F-63E07135BD2C}.Release|Any CPU.ActiveCfg = Release|Any CPU
		{43146833-7A21-4CA0-9F3F-63E07135BD2C}.Release|Any CPU.Build.0 = Release|Any CPU
		{592BE37C-6E84-45BB-8610-4E7A2A76F87F}.Debug|Any CPU.ActiveCfg = Debug|Any CPU
		{592BE37C-6E84-45BB-8610-4E7A2A76F87F}.Debug|Any CPU.Build.0 = Debug|Any CPU
		{592BE37C-6E84-45BB-8610-4E7A2A76F87F}.Release|Any CPU.ActiveCfg = Release|Any CPU
		{592BE37C-6E84-45BB-8610-4E7A2A76F87F}.Release|Any CPU.Build.0 = Release|Any CPU
		{8F21961C-9CCA-41AD-B972-C53E6151C5F7}.Debug|Any CPU.ActiveCfg = Debug|Any CPU
		{8F21961C-9CCA-41AD-B972-C53E6151C5F7}.Debug|Any CPU.Build.0 = Debug|Any CPU
		{8F21961C-9CCA-41AD-B972-C53E6151C5F7}.Release|Any CPU.ActiveCfg = Release|Any CPU
		{8F21961C-9CCA-41AD-B972-C53E6151C5F7}.Release|Any CPU.Build.0 = Release|Any CPU
		{FF726F01-EC35-4280-84BE-5A265C9D3098}.Debug|Any CPU.ActiveCfg = Debug|Any CPU
		{FF726F01-EC35-4280-84BE-5A265C9D3098}.Debug|Any CPU.Build.0 = Debug|Any CPU
		{FF726F01-EC35-4280-84BE-5A265C9D3098}.Release|Any CPU.ActiveCfg = Release|Any CPU
		{FF726F01-EC35-4280-84BE-5A265C9D3098}.Release|Any CPU.Build.0 = Release|Any CPU
		{FA36C8FA-1E5C-4CF8-A005-E9824FE36078}.Debug|Any CPU.ActiveCfg = Debug|Any CPU
		{FA36C8FA-1E5C-4CF8-A005-E9824FE36078}.Debug|Any CPU.Build.0 = Debug|Any CPU
		{FA36C8FA-1E5C-4CF8-A005-E9824FE36078}.Release|Any CPU.ActiveCfg = Release|Any CPU
		{FA36C8FA-1E5C-4CF8-A005-E9824FE36078}.Release|Any CPU.Build.0 = Release|Any CPU
		{458937F5-B0B7-482F-88DE-1B578CA16095}.Debug|Any CPU.ActiveCfg = Debug|Any CPU
		{458937F5-B0B7-482F-88DE-1B578CA16095}.Debug|Any CPU.Build.0 = Debug|Any CPU
		{458937F5-B0B7-482F-88DE-1B578CA16095}.Release|Any CPU.ActiveCfg = Release|Any CPU
		{458937F5-B0B7-482F-88DE-1B578CA16095}.Release|Any CPU.Build.0 = Release|Any CPU
		{CBFF420A-DC48-4C15-8FB3-66DAA1780300}.Debug|Any CPU.ActiveCfg = Debug|Any CPU
		{CBFF420A-DC48-4C15-8FB3-66DAA1780300}.Debug|Any CPU.Build.0 = Debug|Any CPU
		{CBFF420A-DC48-4C15-8FB3-66DAA1780300}.Release|Any CPU.ActiveCfg = Release|Any CPU
		{CBFF420A-DC48-4C15-8FB3-66DAA1780300}.Release|Any CPU.Build.0 = Release|Any CPU
		{B0DDE417-94F8-47C8-BD80-69D3B5D10852}.Debug|Any CPU.ActiveCfg = Debug|Any CPU
		{B0DDE417-94F8-47C8-BD80-69D3B5D10852}.Debug|Any CPU.Build.0 = Debug|Any CPU
		{B0DDE417-94F8-47C8-BD80-69D3B5D10852}.Release|Any CPU.ActiveCfg = Release|Any CPU
		{B0DDE417-94F8-47C8-BD80-69D3B5D10852}.Release|Any CPU.Build.0 = Release|Any CPU
		{C5C95395-CE18-4EB7-88AA-EF16C0060954}.Debug|Any CPU.ActiveCfg = Debug|Any CPU
		{C5C95395-CE18-4EB7-88AA-EF16C0060954}.Debug|Any CPU.Build.0 = Debug|Any CPU
		{C5C95395-CE18-4EB7-88AA-EF16C0060954}.Release|Any CPU.ActiveCfg = Release|Any CPU
		{C5C95395-CE18-4EB7-88AA-EF16C0060954}.Release|Any CPU.Build.0 = Release|Any CPU
		{65DB5CDC-7A0E-4DA2-BB6B-FB67EB71E171}.Debug|Any CPU.ActiveCfg = Debug|Any CPU
		{65DB5CDC-7A0E-4DA2-BB6B-FB67EB71E171}.Debug|Any CPU.Build.0 = Debug|Any CPU
		{65DB5CDC-7A0E-4DA2-BB6B-FB67EB71E171}.Release|Any CPU.ActiveCfg = Release|Any CPU
		{65DB5CDC-7A0E-4DA2-BB6B-FB67EB71E171}.Release|Any CPU.Build.0 = Release|Any CPU
		{2115021C-D3E1-46A3-8DAB-85DBD60A1D8F}.Debug|Any CPU.ActiveCfg = Debug|Any CPU
		{2115021C-D3E1-46A3-8DAB-85DBD60A1D8F}.Debug|Any CPU.Build.0 = Debug|Any CPU
		{2115021C-D3E1-46A3-8DAB-85DBD60A1D8F}.Release|Any CPU.ActiveCfg = Release|Any CPU
		{2115021C-D3E1-46A3-8DAB-85DBD60A1D8F}.Release|Any CPU.Build.0 = Release|Any CPU
		{64BFD649-AC67-4CA9-95EB-AE0E6C9E1880}.Debug|Any CPU.ActiveCfg = Debug|Any CPU
		{64BFD649-AC67-4CA9-95EB-AE0E6C9E1880}.Debug|Any CPU.Build.0 = Debug|Any CPU
		{64BFD649-AC67-4CA9-95EB-AE0E6C9E1880}.Release|Any CPU.ActiveCfg = Release|Any CPU
		{64BFD649-AC67-4CA9-95EB-AE0E6C9E1880}.Release|Any CPU.Build.0 = Release|Any CPU
		{DA26F9E0-6B0F-4BF6-B991-1A2EDE10D033}.Debug|Any CPU.ActiveCfg = Debug|Any CPU
		{DA26F9E0-6B0F-4BF6-B991-1A2EDE10D033}.Debug|Any CPU.Build.0 = Debug|Any CPU
		{DA26F9E0-6B0F-4BF6-B991-1A2EDE10D033}.Release|Any CPU.ActiveCfg = Release|Any CPU
		{DA26F9E0-6B0F-4BF6-B991-1A2EDE10D033}.Release|Any CPU.Build.0 = Release|Any CPU
		{5E4E8DC5-EB0E-4C88-BC9A-3C1D1CD83F2C}.Debug|Any CPU.ActiveCfg = Debug|Any CPU
		{5E4E8DC5-EB0E-4C88-BC9A-3C1D1CD83F2C}.Debug|Any CPU.Build.0 = Debug|Any CPU
		{5E4E8DC5-EB0E-4C88-BC9A-3C1D1CD83F2C}.Release|Any CPU.ActiveCfg = Release|Any CPU
		{5E4E8DC5-EB0E-4C88-BC9A-3C1D1CD83F2C}.Release|Any CPU.Build.0 = Release|Any CPU
		{C249196A-42FF-484E-8CFC-604F8CE9EB2E}.Debug|Any CPU.ActiveCfg = Debug|Any CPU
		{C249196A-42FF-484E-8CFC-604F8CE9EB2E}.Debug|Any CPU.Build.0 = Debug|Any CPU
		{C249196A-42FF-484E-8CFC-604F8CE9EB2E}.Release|Any CPU.ActiveCfg = Release|Any CPU
		{C249196A-42FF-484E-8CFC-604F8CE9EB2E}.Release|Any CPU.Build.0 = Release|Any CPU
		{7CE2434D-6EF9-4CD9-B469-87E90C9F9A4B}.Debug|Any CPU.ActiveCfg = Debug|Any CPU
		{7CE2434D-6EF9-4CD9-B469-87E90C9F9A4B}.Debug|Any CPU.Build.0 = Debug|Any CPU
		{7CE2434D-6EF9-4CD9-B469-87E90C9F9A4B}.Release|Any CPU.ActiveCfg = Release|Any CPU
		{7CE2434D-6EF9-4CD9-B469-87E90C9F9A4B}.Release|Any CPU.Build.0 = Release|Any CPU
		{661D5457-8FC3-439A-9457-B1B8E138FCC7}.Debug|Any CPU.ActiveCfg = Debug|Any CPU
		{661D5457-8FC3-439A-9457-B1B8E138FCC7}.Debug|Any CPU.Build.0 = Debug|Any CPU
		{661D5457-8FC3-439A-9457-B1B8E138FCC7}.Release|Any CPU.ActiveCfg = Release|Any CPU
		{661D5457-8FC3-439A-9457-B1B8E138FCC7}.Release|Any CPU.Build.0 = Release|Any CPU
		{B948EF3A-DFE9-4720-8196-B05B130552A6}.Debug|Any CPU.ActiveCfg = Debug|Any CPU
		{B948EF3A-DFE9-4720-8196-B05B130552A6}.Debug|Any CPU.Build.0 = Debug|Any CPU
		{B948EF3A-DFE9-4720-8196-B05B130552A6}.Release|Any CPU.ActiveCfg = Release|Any CPU
		{B948EF3A-DFE9-4720-8196-B05B130552A6}.Release|Any CPU.Build.0 = Release|Any CPU
		{6BD5EDCF-7494-4523-B688-1951B47B0AD1}.Debug|Any CPU.ActiveCfg = Debug|Any CPU
		{6BD5EDCF-7494-4523-B688-1951B47B0AD1}.Debug|Any CPU.Build.0 = Debug|Any CPU
		{6BD5EDCF-7494-4523-B688-1951B47B0AD1}.Release|Any CPU.ActiveCfg = Release|Any CPU
		{6BD5EDCF-7494-4523-B688-1951B47B0AD1}.Release|Any CPU.Build.0 = Release|Any CPU
		{CDDFCFE9-240E-470F-9B70-145C128B396C}.Debug|Any CPU.ActiveCfg = Debug|Any CPU
		{CDDFCFE9-240E-470F-9B70-145C128B396C}.Debug|Any CPU.Build.0 = Debug|Any CPU
		{CDDFCFE9-240E-470F-9B70-145C128B396C}.Release|Any CPU.ActiveCfg = Release|Any CPU
		{CDDFCFE9-240E-470F-9B70-145C128B396C}.Release|Any CPU.Build.0 = Release|Any CPU
		{9534639E-42F3-4043-A2AF-68C6ACB30E4B}.Debug|Any CPU.ActiveCfg = Debug|Any CPU
		{9534639E-42F3-4043-A2AF-68C6ACB30E4B}.Debug|Any CPU.Build.0 = Debug|Any CPU
		{9534639E-42F3-4043-A2AF-68C6ACB30E4B}.Release|Any CPU.ActiveCfg = Release|Any CPU
		{9534639E-42F3-4043-A2AF-68C6ACB30E4B}.Release|Any CPU.Build.0 = Release|Any CPU
	EndGlobalSection
	GlobalSection(SolutionProperties) = preSolution
		HideSolutionNode = FALSE
	EndGlobalSection
	GlobalSection(NestedProjects) = preSolution
		{BD0ECF63-3448-4549-802A-B332FD972897} = {FAAC36DA-95B8-493C-B0D3-B00B3C920227}
		{43146833-7A21-4CA0-9F3F-63E07135BD2C} = {BD0ECF63-3448-4549-802A-B332FD972897}
		{167BDC1E-989C-4828-A30C-2323416F2ED4} = {FAAC36DA-95B8-493C-B0D3-B00B3C920227}
		{592BE37C-6E84-45BB-8610-4E7A2A76F87F} = {167BDC1E-989C-4828-A30C-2323416F2ED4}
		{03FE59F1-F413-421C-915A-54E0465F4A8C} = {FAAC36DA-95B8-493C-B0D3-B00B3C920227}
		{8F21961C-9CCA-41AD-B972-C53E6151C5F7} = {03FE59F1-F413-421C-915A-54E0465F4A8C}
		{FF726F01-EC35-4280-84BE-5A265C9D3098} = {CE9CDE66-7712-465D-B3CD-95551E3278D0}
		{FA36C8FA-1E5C-4CF8-A005-E9824FE36078} = {74D810D8-9851-4A44-88F6-2C63F963055F}
		{458937F5-B0B7-482F-88DE-1B578CA16095} = {3C5D8ADA-63CD-4BBA-935D-54F6B00D9071}
		{4DD9161E-7DA5-4613-B047-0A2910BB1AAD} = {FAAC36DA-95B8-493C-B0D3-B00B3C920227}
		{CBFF420A-DC48-4C15-8FB3-66DAA1780300} = {4DD9161E-7DA5-4613-B047-0A2910BB1AAD}
		{B0DDE417-94F8-47C8-BD80-69D3B5D10852} = {74D810D8-9851-4A44-88F6-2C63F963055F}
		{C5C95395-CE18-4EB7-88AA-EF16C0060954} = {167BDC1E-989C-4828-A30C-2323416F2ED4}
		{65DB5CDC-7A0E-4DA2-BB6B-FB67EB71E171} = {167BDC1E-989C-4828-A30C-2323416F2ED4}
		{2115021C-D3E1-46A3-8DAB-85DBD60A1D8F} = {4DD9161E-7DA5-4613-B047-0A2910BB1AAD}
		{64BFD649-AC67-4CA9-95EB-AE0E6C9E1880} = {4DD9161E-7DA5-4613-B047-0A2910BB1AAD}
		{DA26F9E0-6B0F-4BF6-B991-1A2EDE10D033} = {03FE59F1-F413-421C-915A-54E0465F4A8C}
		{5E4E8DC5-EB0E-4C88-BC9A-3C1D1CD83F2C} = {03FE59F1-F413-421C-915A-54E0465F4A8C}
		{C249196A-42FF-484E-8CFC-604F8CE9EB2E} = {BD0ECF63-3448-4549-802A-B332FD972897}
		{7CE2434D-6EF9-4CD9-B469-87E90C9F9A4B} = {BD0ECF63-3448-4549-802A-B332FD972897}
		{661D5457-8FC3-439A-9457-B1B8E138FCC7} = {4DD9161E-7DA5-4613-B047-0A2910BB1AAD}
		{B948EF3A-DFE9-4720-8196-B05B130552A6} = {BD0ECF63-3448-4549-802A-B332FD972897}
		{6BD5EDCF-7494-4523-B688-1951B47B0AD1} = {4DD9161E-7DA5-4613-B047-0A2910BB1AAD}
		{CDDFCFE9-240E-470F-9B70-145C128B396C} = {4DD9161E-7DA5-4613-B047-0A2910BB1AAD}
	EndGlobalSection
	GlobalSection(ExtensibilityGlobals) = postSolution
		SolutionGuid = {F1E1A752-F80F-40C5-B11A-EC0F85CC6A6C}
	EndGlobalSection
EndGlobal
